Microsoft Visual Studio Solution File, Format Version 12.00
# Visual Studio Version 17
VisualStudioVersion = 17.5.2.0
MinimumVisualStudioVersion = 10.0.40219.1
Project("{FAE04EC0-301F-11D3-BF4B-00C04F79EFBC}") = "NatsHttpGateway", "NatsHttpGateway.csproj", "{B7C1222B-4DFF-5043-E4E9-67CEB2958F16}"
EndProject
Global
	GlobalSection(SolutionConfigurationPlatforms) = preSolution
		Debug|Any CPU = Debug|Any CPU
		Release|Any CPU = Release|Any CPU
	EndGlobalSection
	GlobalSection(ProjectConfigurationPlatforms) = postSolution
		{B7C1222B-4DFF-5043-E4E9-67CEB2958F16}.Debug|Any CPU.ActiveCfg = Debug|Any CPU
		{B7C1222B-4DFF-5043-E4E9-67CEB2958F16}.Debug|Any CPU.Build.0 = Debug|Any CPU
		{B7C1222B-4DFF-5043-E4E9-67CEB2958F16}.Release|Any CPU.ActiveCfg = Release|Any CPU
		{B7C1222B-4DFF-5043-E4E9-67CEB2958F16}.Release|Any CPU.Build.0 = Release|Any CPU
	EndGlobalSection
	GlobalSection(SolutionProperties) = preSolution
		HideSolutionNode = FALSE
	EndGlobalSection
	GlobalSection(ExtensibilityGlobals) = postSolution
		SolutionGuid = {F4134B1E-651F-4A18-866C-213FDB0F3DCA}
	EndGlobalSection
EndGlobal
